
Microsoft Visual Studio Solution File, Format Version 12.00
# Visual Studio 14
VisualStudioVersion = 14.0.24720.0
MinimumVisualStudioVersion = 10.0.40219.1
Project("{FAE04EC0-301F-11D3-BF4B-00C04F79EFBC}") = "01Shapes", "01Shapes\01Shapes.csproj", "{A41A40D9-044F-47FE-8D6D-3C73CFBE63C1}"
EndProject
Project("{FAE04EC0-301F-11D3-BF4B-00C04F79EFBC}") = "02BankAccounts", "02BankAccounts\02BankAccounts.csproj", "{A56B45FA-FAC1-4500-BB05-ACB4C23EF37C}"
EndProject
Project("{FAE04EC0-301F-11D3-BF4B-00C04F79EFBC}") = "03RangeExceptions", "03RangeExceptions\03RangeExceptions.csproj", "{F073B3F3-90E7-49D4-A653-59A9D5B7C8BC}"
EndProject
Global
	GlobalSection(SolutionConfigurationPlatforms) = preSolution
		Debug|Any CPU = Debug|Any CPU
		Release|Any CPU = Release|Any CPU
	EndGlobalSection
	GlobalSection(ProjectConfigurationPlatforms) = postSolution
		{A41A40D9-044F-47FE-8D6D-3C73CFBE63C1}.Debug|Any CPU.ActiveCfg = Debug|Any CPU
		{A41A40D9-044F-47FE-8D6D-3C73CFBE63C1}.Debug|Any CPU.Build.0 = Debug|Any CPU
		{A41A40D9-044F-47FE-8D6D-3C73CFBE63C1}.Release|Any CPU.ActiveCfg = Release|Any CPU
		{A41A40D9-044F-47FE-8D6D-3C73CFBE63C1}.Release|Any CPU.Build.0 = Release|Any CPU
		{A56B45FA-FAC1-4500-BB05-ACB4C23EF37C}.Debug|Any CPU.ActiveCfg = Debug|Any CPU
		{A56B45FA-FAC1-4500-BB05-ACB4C23EF37C}.Debug|Any CPU.Build.0 = Debug|Any CPU
		{A56B45FA-FAC1-4500-BB05-ACB4C23EF37C}.Release|Any CPU.ActiveCfg = Release|Any CPU
		{A56B45FA-FAC1-4500-BB05-ACB4C23EF37C}.Release|Any CPU.Build.0 = Release|Any CPU
		{F073B3F3-90E7-49D4-A653-59A9D5B7C8BC}.Debug|Any CPU.ActiveCfg = Debug|Any CPU
		{F073B3F3-90E7-49D4-A653-59A9D5B7C8BC}.Debug|Any CPU.Build.0 = Debug|Any CPU
		{F073B3F3-90E7-49D4-A653-59A9D5B7C8BC}.Release|Any CPU.ActiveCfg = Release|Any CPU
		{F073B3F3-90E7-49D4-A653-59A9D5B7C8BC}.Release|Any CPU.Build.0 = Release|Any CPU
	EndGlobalSection
	GlobalSection(SolutionProperties) = preSolution
		HideSolutionNode = FALSE
	EndGlobalSection
EndGlobal
